{"format_version":"1.2","terraform_version":"1.9.1","variables":{"app_name":{"value":"GroceryMarketplace"},"environment":{"value":"dev"},"location":{"value":"southeastasia"},"log_analytics_retention_days":{"value":30},"log_analytics_workspace_name":{"value":"Workspace"},"resource_group_name":{"value":"rg"},"tags":{"value":{"containerApps":"true","createdWith":"Terraform"}}},"planned_values":{"root_module":{"child_modules":[{"resources":[{"address":"module.log_analytics_workspace.azurerm_log_analytics_workspace.log_analytics_workspace","mode":"managed","type":"azurerm_log_analytics_workspace","name":"log_analytics_workspace","provider_name":"registry.terraform.io/hashicorp/azurerm","schema_version":2,"values":{"daily_quota_gb":-1,"internet_ingestion_enabled":true,"internet_query_enabled":true,"location":"southeastasia","name":"Workspace","resource_group_name":"rg","retention_in_days":30,"sku":"PerGB2018","tags":{"containerApps":"true","createdWith":"Terraform"},"timeouts":null},"sensitive_values":{"tags":{}}}],"address":"module.log_analytics_workspace"},{"resources":[{"address":"module.resource_group.azurerm_resource_group.grocery_marketplace","mode":"managed","type":"azurerm_resource_group","name":"grocery_marketplace","provider_name":"registry.terraform.io/hashicorp/azurerm","schema_version":0,"values":{"location":"southeastasia","name":"rg","tags":{"containerApps":"true","createdWith":"Terraform"},"timeouts":null},"sensitive_values":{"tags":{}}}],"address":"module.resource_group"}]}},"resource_changes":[{"address":"module.log_analytics_workspace.azurerm_log_analytics_workspace.log_analytics_workspace","module_address":"module.log_analytics_workspace","mode":"managed","type":"azurerm_log_analytics_workspace","name":"log_analytics_workspace","provider_name":"registry.terraform.io/hashicorp/azurerm","change":{"actions":["delete","create"],"before":{"daily_quota_gb":-1,"id":"/subscriptions/cb4f011a-8d75-4ab9-8cfb-d9cc6a047ee0/resourceGroups/grocery-marketplace-rg-dev/providers/Microsoft.OperationalInsights/workspaces/GroceryMarketplaceLogsDev","internet_ingestion_enabled":true,"internet_query_enabled":true,"location":"southeastasia","name":"GroceryMarketplaceLogsDev","primary_shared_key":"uDZz1tEz51ZXp73fLVHTMgIZ0AfEGWRm+451GNxpgVhPzZiC1jdjdkeoROcMVrDNincEJbdQgFsCqrv69Q88Mg==","reservation_capacity_in_gb_per_day":null,"resource_group_name":"grocery-marketplace-rg-dev","retention_in_days":30,"secondary_shared_key":"51l+PAaK3JEwMIBojLZhgVsEXmIIgJ92i1OsWQt+PWO/Xs8DRoRP5APU+JxjyM9Hr+qnmwd5JI1LGbWq+1WlqA==","sku":"PerGB2018","tags":{"containerApps":"true","createdWith":"Terraform"},"timeouts":null,"workspace_id":"334555a1-83fd-4ffe-9e58-805d7040e730"},"after":{"daily_quota_gb":-1,"internet_ingestion_enabled":true,"internet_query_enabled":true,"location":"southeastasia","name":"Workspace","resource_group_name":"rg","retention_in_days":30,"sku":"PerGB2018","tags":{"containerApps":"true","createdWith":"Terraform"},"timeouts":null},"after_unknown":{"id":true,"primary_shared_key":true,"reservation_capacity_in_gb_per_day":true,"secondary_shared_key":true,"tags":{},"workspace_id":true},"before_sensitive":{"primary_shared_key":true,"secondary_shared_key":true,"tags":{}},"after_sensitive":{"primary_shared_key":true,"secondary_shared_key":true,"tags":{}},"replace_paths":[["name"],["resource_group_name"]]},"action_reason":"replace_because_cannot_update"},{"address":"module.resource_group.azurerm_resource_group.grocery_marketplace","module_address":"module.resource_group","mode":"managed","type":"azurerm_resource_group","name":"grocery_marketplace","provider_name":"registry.terraform.io/hashicorp/azurerm","change":{"actions":["delete","create"],"before":{"id":"/subscriptions/cb4f011a-8d75-4ab9-8cfb-d9cc6a047ee0/resourceGroups/grocery-marketplace-rg-dev","location":"southeastasia","name":"grocery-marketplace-rg-dev","tags":{"containerApps":"true","createdWith":"Terraform"},"timeouts":null},"after":{"location":"southeastasia","name":"rg","tags":{"containerApps":"true","createdWith":"Terraform"},"timeouts":null},"after_unknown":{"id":true,"tags":{}},"before_sensitive":{"tags":{}},"after_sensitive":{"tags":{}},"replace_paths":[["name"]]},"action_reason":"replace_because_cannot_update"}],"prior_state":{"format_version":"1.0","terraform_version":"1.9.1","values":{"root_module":{"child_modules":[{"resources":[{"address":"module.log_analytics_workspace.azurerm_log_analytics_workspace.log_analytics_workspace","mode":"managed","type":"azurerm_log_analytics_workspace","name":"log_analytics_workspace","provider_name":"registry.terraform.io/hashicorp/azurerm","schema_version":2,"values":{"daily_quota_gb":-1,"id":"/subscriptions/cb4f011a-8d75-4ab9-8cfb-d9cc6a047ee0/resourceGroups/grocery-marketplace-rg-dev/providers/Microsoft.OperationalInsights/workspaces/GroceryMarketplaceLogsDev","internet_ingestion_enabled":true,"internet_query_enabled":true,"location":"southeastasia","name":"GroceryMarketplaceLogsDev","primary_shared_key":"uDZz1tEz51ZXp73fLVHTMgIZ0AfEGWRm+451GNxpgVhPzZiC1jdjdkeoROcMVrDNincEJbdQgFsCqrv69Q88Mg==","reservation_capacity_in_gb_per_day":null,"resource_group_name":"grocery-marketplace-rg-dev","retention_in_days":30,"secondary_shared_key":"51l+PAaK3JEwMIBojLZhgVsEXmIIgJ92i1OsWQt+PWO/Xs8DRoRP5APU+JxjyM9Hr+qnmwd5JI1LGbWq+1WlqA==","sku":"PerGB2018","tags":{"containerApps":"true","createdWith":"Terraform"},"timeouts":null,"workspace_id":"334555a1-83fd-4ffe-9e58-805d7040e730"},"sensitive_values":{"primary_shared_key":true,"secondary_shared_key":true,"tags":{}},"depends_on":["module.resource_group.azurerm_resource_group.grocery_marketplace"]}],"address":"module.log_analytics_workspace"},{"resources":[{"address":"module.resource_group.azurerm_resource_group.grocery_marketplace","mode":"managed","type":"azurerm_resource_group","name":"grocery_marketplace","provider_name":"registry.terraform.io/hashicorp/azurerm","schema_version":0,"values":{"id":"/subscriptions/cb4f011a-8d75-4ab9-8cfb-d9cc6a047ee0/resourceGroups/grocery-marketplace-rg-dev","location":"southeastasia","name":"grocery-marketplace-rg-dev","tags":{"containerApps":"true","createdWith":"Terraform"},"timeouts":null},"sensitive_values":{"tags":{}}}],"address":"module.resource_group"}]}}},"configuration":{"provider_config":{"azurerm":{"name":"azurerm","full_name":"registry.terraform.io/hashicorp/azurerm","version_constraint":"~\u003e 3.0.2","expressions":{"features":[{}]}}},"root_module":{"module_calls":{"log_analytics_workspace":{"source":"./modules/log_analytics","expressions":{"location":{"references":["var.location"]},"name":{"references":["var.log_analytics_workspace_name"]},"resource_group_name":{"references":["module.resource_group.name","module.resource_group"]},"tags":{"references":["var.tags"]}},"module":{"outputs":{"id":{"expression":{"references":["azurerm_log_analytics_workspace.log_analytics_workspace.id","azurerm_log_analytics_workspace.log_analytics_workspace"]},"description":"Specifies the resource id of the log analytics workspace"},"location":{"expression":{"references":["azurerm_log_analytics_workspace.log_analytics_workspace.location","azurerm_log_analytics_workspace.log_analytics_workspace"]},"description":"Specifies the location of the log analytics workspace"},"name":{"expression":{"references":["azurerm_log_analytics_workspace.log_analytics_workspace.name","azurerm_log_analytics_workspace.log_analytics_workspace"]},"description":"Specifies the name of the log analytics workspace"},"primary_shared_key":{"sensitive":true,"expression":{"references":["azurerm_log_analytics_workspace.log_analytics_workspace.primary_shared_key","azurerm_log_analytics_workspace.log_analytics_workspace"]},"description":"Specifies the workspace key of the log analytics workspace"},"resource_group_name":{"expression":{"references":["azurerm_log_analytics_workspace.log_analytics_workspace.resource_group_name","azurerm_log_analytics_workspace.log_analytics_workspace"]},"description":"Specifies the name of the resource group that contains the log analytics workspace"},"workspace_id":{"expression":{"references":["azurerm_log_analytics_workspace.log_analytics_workspace.workspace_id","azurerm_log_analytics_workspace.log_analytics_workspace"]},"description":"Specifies the workspace id of the log analytics workspace"}},"resources":[{"address":"azurerm_log_analytics_solution.la_solution","mode":"managed","type":"azurerm_log_analytics_solution","name":"la_solution","provider_config_key":"azurerm","expressions":{"location":{"references":["var.location"]},"plan":[{"product":{"references":["each.value.product","each.value"]},"publisher":{"references":["each.value.publisher","each.value"]}}],"resource_group_name":{"references":["var.resource_group_name"]},"solution_name":{"references":["each.key"]},"workspace_name":{"references":["azurerm_log_analytics_workspace.log_analytics_workspace.name","azurerm_log_analytics_workspace.log_analytics_workspace"]},"workspace_resource_id":{"references":["azurerm_log_analytics_workspace.log_analytics_workspace.id","azurerm_log_analytics_workspace.log_analytics_workspace"]}},"schema_version":0,"for_each_expression":{"references":["var.solution_plan_map"]}},{"address":"azurerm_log_analytics_workspace.log_analytics_workspace","mode":"managed","type":"azurerm_log_analytics_workspace","name":"log_analytics_workspace","provider_config_key":"azurerm","expressions":{"location":{"references":["var.location"]},"name":{"references":["var.name"]},"resource_group_name":{"references":["var.resource_group_name"]},"retention_in_days":{"references":["var.retention_in_days","var.retention_in_days"]},"sku":{"references":["var.sku"]},"tags":{"references":["var.tags"]}},"schema_version":2}],"variables":{"location":{"description":"(Required) Specifies the location of the log analytics workspace"},"name":{"description":"(Required) Specifies the name of the log analytics workspace"},"resource_group_name":{"description":"(Required) Specifies the resource group name"},"retention_in_days":{"default":30,"description":" (Optional) Specifies the workspace data retention in days. Possible values are either 7 (Free Tier only) or range between 30 and 730."},"sku":{"default":"PerGB2018","description":"(Optional) Specifies the sku of the log analytics workspace"},"solution_plan_map":{"default":{},"description":"(Optional) Specifies the map structure containing the list of solutions to be enabled."},"tags":{"default":{},"description":"(Optional) Specifies the tags of the log analytics workspace"}}}},"resource_group":{"source":"./modules/resource_group","expressions":{"location":{"references":["var.location"]},"resource_group_name":{"references":["var.resource_group_name"]},"tags":{"references":["var.tags"]}},"module":{"outputs":{"location":{"expression":{"references":["azurerm_resource_group.grocery_marketplace.location","azurerm_resource_group.grocery_marketplace"]},"description":"The location of the resource group."},"name":{"expression":{"references":["azurerm_resource_group.grocery_marketplace.name","azurerm_resource_group.grocery_marketplace"]},"description":"The name of the resource group."}},"resources":[{"address":"azurerm_resource_group.grocery_marketplace","mode":"managed","type":"azurerm_resource_group","name":"grocery_marketplace","provider_config_key":"azurerm","expressions":{"location":{"references":["var.location"]},"name":{"references":["var.resource_group_name"]},"tags":{"references":["var.tags"]}},"schema_version":0}],"variables":{"location":{"description":"(Required) Specifies the location of the resource group"},"resource_group_name":{"description":"(Required) Specifies the resource group name"},"tags":{"description":"(Optional) Specifies tags for all the resources"}}}}},"variables":{"app_name":{"default":"GroceryMarketplace","description":"The name of the application"},"environment":{"description":"Specifies the name of the managed environment."},"location":{"default":"southeastasia","description":"The Azure Region in which all resources in this example should be created."},"log_analytics_retention_days":{"default":30,"description":"Specifies the number of days of the retention policy for the log analytics workspace."},"log_analytics_workspace_name":{"default":"Workspace","description":"Specifies the name of the log analytics workspace"},"resource_group_name":{"default":"rg","description":"The name of the resource group."},"tags":{"default":{"containerApps":"true","createdWith":"Terraform"},"description":"(Optional) Specifies tags for all the resources"}}}},"relevant_attributes":[{"resource":"module.log_analytics_workspace.azurerm_log_analytics_workspace.log_analytics_workspace","attribute":["resource_group_name"]},{"resource":"module.log_analytics_workspace.azurerm_log_analytics_workspace.log_analytics_workspace","attribute":["primary_shared_key"]},{"resource":"module.resource_group.azurerm_resource_group.grocery_marketplace","attribute":["location"]},{"resource":"module.resource_group.azurerm_resource_group.grocery_marketplace","attribute":["name"]},{"resource":"module.log_analytics_workspace.azurerm_log_analytics_workspace.log_analytics_workspace","attribute":["id"]},{"resource":"module.log_analytics_workspace.azurerm_log_analytics_workspace.log_analytics_workspace","attribute":["workspace_id"]},{"resource":"module.log_analytics_workspace.azurerm_log_analytics_workspace.log_analytics_workspace","attribute":["name"]},{"resource":"module.log_analytics_workspace.azurerm_log_analytics_workspace.log_analytics_workspace","attribute":["location"]}],"checks":[{"address":{"kind":"var","module":"module.log_analytics_workspace","name":"sku","to_display":"module.log_analytics_workspace.var.sku"},"status":"pass","instances":[{"address":{"module":"module.log_analytics_workspace","to_display":"module.log_analytics_workspace.var.sku"},"status":"pass"}]}],"timestamp":"2024-07-25T11:08:37Z","applyable":true,"complete":true,"errored":false}
